
Microsoft Visual Studio Solution File, Format Version 12.00
# Visual Studio 15
Project("{FAE04EC0-301F-11D3-BF4B-00C04F79EFBC}") = "Andoromeda.Framework.GitHub", "Andoromeda.Framework.GitHub\Andoromeda.Framework.GitHub.csproj", "{311F45A6-1E89-4F28-BF7E-9641613BAFE4}"
EndProject
Global
	GlobalSection(SolutionConfigurationPlatforms) = preSolution
		Debug|Any CPU = Debug|Any CPU
		Release|Any CPU = Release|Any CPU
	EndGlobalSection
	GlobalSection(ProjectConfigurationPlatforms) = postSolution
		{311F45A6-1E89-4F28-BF7E-9641613BAFE4}.Debug|Any CPU.ActiveCfg = Debug|Any CPU
		{311F45A6-1E89-4F28-BF7E-9641613BAFE4}.Debug|Any CPU.Build.0 = Debug|Any CPU
		{311F45A6-1E89-4F28-BF7E-9641613BAFE4}.Release|Any CPU.ActiveCfg = Release|Any CPU
		{311F45A6-1E89-4F28-BF7E-9641613BAFE4}.Release|Any CPU.Build.0 = Release|Any CPU
	EndGlobalSection
EndGlobal
